
Microsoft Visual Studio Solution File, Format Version 12.00
# Visual Studio Version 17
VisualStudioVersion = 17.14.37111.16 d17.14
MinimumVisualStudioVersion = 10.0.40219.1
Project("{FAE04EC0-301F-11D3-BF4B-00C04F79EFBC}") = "Calculadora", "Calculadora\Calculadora.csproj", "{257D8887-FB66-443D-B24A-474CF37AD5EB}"
EndProject
Global
	GlobalSection(SolutionConfigurationPlatforms) = preSolution
		Debug|Any CPU = Debug|Any CPU
		Release|Any CPU = Release|Any CPU
	EndGlobalSection
	GlobalSection(ProjectConfigurationPlatforms) = postSolution
		{257D8887-FB66-443D-B24A-474CF37AD5EB}.Debug|Any CPU.ActiveCfg = Debug|Any CPU
		{257D8887-FB66-443D-B24A-474CF37AD5EB}.Debug|Any CPU.Build.0 = Debug|Any CPU
		{257D8887-FB66-443D-B24A-474CF37AD5EB}.Release|Any CPU.ActiveCfg = Release|Any CPU
		{257D8887-FB66-443D-B24A-474CF37AD5EB}.Release|Any CPU.Build.0 = Release|Any CPU
	EndGlobalSection
	GlobalSection(SolutionProperties) = preSolution
		HideSolutionNode = FALSE
	EndGlobalSection
	GlobalSection(ExtensibilityGlobals) = postSolution
		SolutionGuid = {6C8E6E16-DCDF-4E40-9895-15C43DF44ABF}
	EndGlobalSection
EndGlobal
